
Microsoft Visual Studio Solution File, Format Version 12.00
# Visual Studio Version 17
VisualStudioVersion = 17.5.33627.172
MinimumVisualStudioVersion = 10.0.40219.1
Project("{2150E333-8FDC-42A3-9474-1A3956D46DE8}") = "Application", "Application", "{04FA9F2B-E302-475F-B060-79D22E9C2D15}"
EndProject
Project("{2150E333-8FDC-42A3-9474-1A3956D46DE8}") = "Build", "Build", "{1805B498-AF12-4969-9A49-1156BA155D69}"
	ProjectSection(SolutionItems) = preProject
		Build\Build.bat = Build\Build.bat
		Build\Build.ps1 = Build\Build.ps1
		Build\Microsoft.Tools.TeamMate.Settings.targets = Build\Microsoft.Tools.TeamMate.Settings.targets
		Build\Microsoft.Tools.TeamMate.targets = Build\Microsoft.Tools.TeamMate.targets
	EndProjectSection
EndProject
Project("{FAE04EC0-301F-11D3-BF4B-00C04F79EFBC}") = "TeamMate", "TeamMate\TeamMate.csproj", "{01FCF244-D4B2-43DD-BB77-9D4946868299}"
EndProject
Project("{FAE04EC0-301F-11D3-BF4B-00C04F79EFBC}") = "Microsoft.Tools.TeamMate.Foundation", "Foundation\Microsoft.Tools.TeamMate.Foundation.csproj", "{1967369E-0368-4888-B743-B16ABAE28B1F}"
EndProject
Project("{FAE04EC0-301F-11D3-BF4B-00C04F79EFBC}") = "Microsoft.Tools.TeamMate.WindowsRuntime", "WindowsRuntime\Microsoft.Tools.TeamMate.WindowsRuntime.csproj", "{5BB3A276-4460-4C5F-B842-42E4618DD034}"
EndProject
Project("{FAE04EC0-301F-11D3-BF4B-00C04F79EFBC}") = "Microsoft.Tools.TeamMate.TeamFoundation.WebApi", "TeamFoundation.WebApi\Microsoft.Tools.TeamMate.TeamFoundation.WebApi.csproj", "{888E7687-95F8-4049-94DF-9DD3398B5592}"
EndProject
Project("{930C7802-8A8C-48F9-8165-68863BCCD9DD}") = "Microsoft.Tools.TeamMate", "Setup\Microsoft.Tools.TeamMate.wixproj", "{D8F90795-E254-441C-B231-D4611E574915}"
EndProject
Global
	GlobalSection(SolutionConfigurationPlatforms) = preSolution
		Debug|Any CPU = Debug|Any CPU
		Debug|ARM = Debug|ARM
		Debug|ARM64 = Debug|ARM64
		Debug|x64 = Debug|x64
		Debug|x86 = Debug|x86
		Release|Any CPU = Release|Any CPU
		Release|ARM = Release|ARM
		Release|ARM64 = Release|ARM64
		Release|x64 = Release|x64
		Release|x86 = Release|x86
	EndGlobalSection
	GlobalSection(ProjectConfigurationPlatforms) = postSolution
		{01FCF244-D4B2-43DD-BB77-9D4946868299}.Debug|Any CPU.ActiveCfg = Debug|Any CPU
		{01FCF244-D4B2-43DD-BB77-9D4946868299}.Debug|Any CPU.Build.0 = Debug|Any CPU
		{01FCF244-D4B2-43DD-BB77-9D4946868299}.Debug|ARM.ActiveCfg = Debug|Any CPU
		{01FCF244-D4B2-43DD-BB77-9D4946868299}.Debug|ARM.Build.0 = Debug|Any CPU
		{01FCF244-D4B2-43DD-BB77-9D4946868299}.Debug|ARM64.ActiveCfg = Debug|Any CPU
		{01FCF244-D4B2-43DD-BB77-9D4946868299}.Debug|ARM64.Build.0 = Debug|Any CPU
		{01FCF244-D4B2-43DD-BB77-9D4946868299}.Debug|x64.ActiveCfg = Debug|x64
		{01FCF244-D4B2-43DD-BB77-9D4946868299}.Debug|x64.Build.0 = Debug|x64
		{01FCF244-D4B2-43DD-BB77-9D4946868299}.Debug|x86.ActiveCfg = Debug|Any CPU
		{01FCF244-D4B2-43DD-BB77-9D4946868299}.Debug|x86.Build.0 = Debug|Any CPU
		{01FCF244-D4B2-43DD-BB77-9D4946868299}.Release|Any CPU.ActiveCfg = Release|Any CPU
		{01FCF244-D4B2-43DD-BB77-9D4946868299}.Release|Any CPU.Build.0 = Release|Any CPU
		{01FCF244-D4B2-43DD-BB77-9D4946868299}.Release|ARM.ActiveCfg = Release|Any CPU
		{01FCF244-D4B2-43DD-BB77-9D4946868299}.Release|ARM.Build.0 = Release|Any CPU
		{01FCF244-D4B2-43DD-BB77-9D4946868299}.Release|ARM64.ActiveCfg = Release|Any CPU
		{01FCF244-D4B2-43DD-BB77-9D4946868299}.Release|ARM64.Build.0 = Release|Any CPU
		{01FCF244-D4B2-43DD-BB77-9D4946868299}.Release|x64.ActiveCfg = Release|x64
		{01FCF244-D4B2-43DD-BB77-9D4946868299}.Release|x64.Build.0 = Release|x64
		{01FCF244-D4B2-43DD-BB77-9D4946868299}.Release|x86.ActiveCfg = Release|Any CPU
		{01FCF244-D4B2-43DD-BB77-9D4946868299}.Release|x86.Build.0 = Release|Any CPU
		{1967369E-0368-4888-B743-B16ABAE28B1F}.Debug|Any CPU.ActiveCfg = Debug|x64
		{1967369E-0368-4888-B743-B16ABAE28B1F}.Debug|Any CPU.Build.0 = Debug|x64
		{1967369E-0368-4888-B743-B16ABAE28B1F}.Debug|ARM.ActiveCfg = Debug|Any CPU
		{1967369E-0368-4888-B743-B16ABAE28B1F}.Debug|ARM.Build.0 = Debug|Any CPU
		{1967369E-0368-4888-B743-B16ABAE28B1F}.Debug|ARM64.ActiveCfg = Debug|Any CPU
		{1967369E-0368-4888-B743-B16ABAE28B1F}.Debug|ARM64.Build.0 = Debug|Any CPU
		{1967369E-0368-4888-B743-B16ABAE28B1F}.Debug|x64.ActiveCfg = Debug|x64
		{1967369E-0368-4888-B743-B16ABAE28B1F}.Debug|x64.Build.0 = Debug|x64
		{1967369E-0368-4888-B743-B16ABAE28B1F}.Debug|x86.ActiveCfg = Debug|x64
		{1967369E-0368-4888-B743-B16ABAE28B1F}.Debug|x86.Build.0 = Debug|x64
		{1967369E-0368-4888-B743-B16ABAE28B1F}.Release|Any CPU.ActiveCfg = Release|Any CPU
		{1967369E-0368-4888-B743-B16ABAE28B1F}.Release|Any CPU.Build.0 = Release|Any CPU
		{1967369E-0368-4888-B743-B16ABAE28B1F}.Release|ARM.ActiveCfg = Release|Any CPU
		{1967369E-0368-4888-B743-B16ABAE28B1F}.Release|ARM.Build.0 = Release|Any CPU
		{1967369E-0368-4888-B743-B16ABAE28B1F}.Release|ARM64.ActiveCfg = Release|Any CPU
		{1967369E-0368-4888-B743-B16ABAE28B1F}.Release|ARM64.Build.0 = Release|Any CPU
		{1967369E-0368-4888-B743-B16ABAE28B1F}.Release|x64.ActiveCfg = Release|x64
		{1967369E-0368-4888-B743-B16ABAE28B1F}.Release|x64.Build.0 = Release|x64
		{1967369E-0368-4888-B743-B16ABAE28B1F}.Release|x86.ActiveCfg = Release|Any CPU
		{1967369E-0368-4888-B743-B16ABAE28B1F}.Release|x86.Build.0 = Release|Any CPU
		{5BB3A276-4460-4C5F-B842-42E4618DD034}.Debug|Any CPU.ActiveCfg = Debug|x64
		{5BB3A276-4460-4C5F-B842-42E4618DD034}.Debug|Any CPU.Build.0 = Debug|x64
		{5BB3A276-4460-4C5F-B842-42E4618DD034}.Debug|ARM.ActiveCfg = Debug|Any CPU
		{5BB3A276-4460-4C5F-B842-42E4618DD034}.Debug|ARM.Build.0 = Debug|Any CPU
		{5BB3A276-4460-4C5F-B842-42E4618DD034}.Debug|ARM64.ActiveCfg = Debug|Any CPU
		{5BB3A276-4460-4C5F-B842-42E4618DD034}.Debug|ARM64.Build.0 = Debug|Any CPU
		{5BB3A276-4460-4C5F-B842-42E4618DD034}.Debug|x64.ActiveCfg = Debug|x64
		{5BB3A276-4460-4C5F-B842-42E4618DD034}.Debug|x64.Build.0 = Debug|x64
		{5BB3A276-4460-4C5F-B842-42E4618DD034}.Debug|x86.ActiveCfg = Debug|x64
		{5BB3A276-4460-4C5F-B842-42E4618DD034}.Debug|x86.Build.0 = Debug|x64
		{5BB3A276-4460-4C5F-B842-42E4618DD034}.Release|Any CPU.ActiveCfg = Release|Any CPU
		{5BB3A276-4460-4C5F-B842-42E4618DD034}.Release|Any CPU.Build.0 = Release|Any CPU
		{5BB3A276-4460-4C5F-B842-42E4618DD034}.Release|ARM.ActiveCfg = Release|Any CPU
		{5BB3A276-4460-4C5F-B842-42E4618DD034}.Release|ARM.Build.0 = Release|Any CPU
		{5BB3A276-4460-4C5F-B842-42E4618DD034}.Release|ARM64.ActiveCfg = Release|Any CPU
		{5BB3A276-4460-4C5F-B842-42E4618DD034}.Release|ARM64.Build.0 = Release|Any CPU
		{5BB3A276-4460-4C5F-B842-42E4618DD034}.Release|x64.ActiveCfg = Release|x64
		{5BB3A276-4460-4C5F-B842-42E4618DD034}.Release|x64.Build.0 = Release|x64
		{5BB3A276-4460-4C5F-B842-42E4618DD034}.Release|x86.ActiveCfg = Release|Any CPU
		{5BB3A276-4460-4C5F-B842-42E4618DD034}.Release|x86.Build.0 = Release|Any CPU
		{888E7687-95F8-4049-94DF-9DD3398B5592}.Debug|Any CPU.ActiveCfg = Debug|x64
		{888E7687-95F8-4049-94DF-9DD3398B5592}.Debug|Any CPU.Build.0 = Debug|x64
		{888E7687-95F8-4049-94DF-9DD3398B5592}.Debug|ARM.ActiveCfg = Debug|Any CPU
		{888E7687-95F8-4049-94DF-9DD3398B5592}.Debug|ARM.Build.0 = Debug|Any CPU
		{888E7687-95F8-4049-94DF-9DD3398B5592}.Debug|ARM64.ActiveCfg = Debug|Any CPU
		{888E7687-95F8-4049-94DF-9DD3398B5592}.Debug|ARM64.Build.0 = Debug|Any CPU
		{888E7687-95F8-4049-94DF-9DD3398B5592}.Debug|x64.ActiveCfg = Debug|x64
		{888E7687-95F8-4049-94DF-9DD3398B5592}.Debug|x64.Build.0 = Debug|x64
		{888E7687-95F8-4049-94DF-9DD3398B5592}.Debug|x86.ActiveCfg = Debug|x64
		{888E7687-95F8-4049-94DF-9DD3398B5592}.Debug|x86.Build.0 = Debug|x64
		{888E7687-95F8-4049-94DF-9DD3398B5592}.Release|Any CPU.ActiveCfg = Release|Any CPU
		{888E7687-95F8-4049-94DF-9DD3398B5592}.Release|Any CPU.Build.0 = Release|Any CPU
		{888E7687-95F8-4049-94DF-9DD3398B5592}.Release|ARM.ActiveCfg = Release|Any CPU
		{888E7687-95F8-4049-94DF-9DD3398B5592}.Release|ARM.Build.0 = Release|Any CPU
		{888E7687-95F8-4049-94DF-9DD3398B5592}.Release|ARM64.ActiveCfg = Release|Any CPU
		{888E7687-95F8-4049-94DF-9DD3398B5592}.Release|ARM64.Build.0 = Release|Any CPU
		{888E7687-95F8-4049-94DF-9DD3398B5592}.Release|x64.ActiveCfg = Release|x64
		{888E7687-95F8-4049-94DF-9DD3398B5592}.Release|x64.Build.0 = Release|x64
		{888E7687-95F8-4049-94DF-9DD3398B5592}.Release|x86.ActiveCfg = Release|Any CPU
		{888E7687-95F8-4049-94DF-9DD3398B5592}.Release|x86.Build.0 = Release|Any CPU
		{D8F90795-E254-441C-B231-D4611E574915}.Debug|Any CPU.ActiveCfg = Debug|x86
		{D8F90795-E254-441C-B231-D4611E574915}.Debug|ARM.ActiveCfg = Debug|x86
		{D8F90795-E254-441C-B231-D4611E574915}.Debug|ARM64.ActiveCfg = Debug|x86
		{D8F90795-E254-441C-B231-D4611E574915}.Debug|x64.ActiveCfg = Debug|x86
		{D8F90795-E254-441C-B231-D4611E574915}.Debug|x64.Build.0 = Debug|x86
		{D8F90795-E254-441C-B231-D4611E574915}.Debug|x86.ActiveCfg = Debug|x86
		{D8F90795-E254-441C-B231-D4611E574915}.Debug|x86.Build.0 = Debug|x86
		{D8F90795-E254-441C-B231-D4611E574915}.Release|Any CPU.ActiveCfg = Release|x86
		{D8F90795-E254-441C-B231-D4611E574915}.Release|ARM.ActiveCfg = Release|x86
		{D8F90795-E254-441C-B231-D4611E574915}.Release|ARM64.ActiveCfg = Release|x86
		{D8F90795-E254-441C-B231-D4611E574915}.Release|x64.ActiveCfg = Release|x86
		{D8F90795-E254-441C-B231-D4611E574915}.Release|x86.ActiveCfg = Release|x86
		{D8F90795-E254-441C-B231-D4611E574915}.Release|x86.Build.0 = Release|x86
	EndGlobalSection
	GlobalSection(SolutionProperties) = preSolution
		HideSolutionNode = FALSE
	EndGlobalSection
	GlobalSection(NestedProjects) = preSolution
		{01FCF244-D4B2-43DD-BB77-9D4946868299} = {04FA9F2B-E302-475F-B060-79D22E9C2D15}
		{1967369E-0368-4888-B743-B16ABAE28B1F} = {04FA9F2B-E302-475F-B060-79D22E9C2D15}
		{5BB3A276-4460-4C5F-B842-42E4618DD034} = {04FA9F2B-E302-475F-B060-79D22E9C2D15}
		{888E7687-95F8-4049-94DF-9DD3398B5592} = {04FA9F2B-E302-475F-B060-79D22E9C2D15}
		{D8F90795-E254-441C-B231-D4611E574915} = {04FA9F2B-E302-475F-B060-79D22E9C2D15}
	EndGlobalSection
	GlobalSection(ExtensibilityGlobals) = postSolution
		SolutionGuid = {6973DB41-8457-49B2-B2D6-F347A1B6FF0D}
	EndGlobalSection
EndGlobal
